
Microsoft Visual Studio Solution File, Format Version 12.00
# Visual Studio Version 16
VisualStudioVersion = 16.0.30907.101
MinimumVisualStudioVersion = 10.0.40219.1
Project("{8BC9CEB8-8B4A-11D0-8D11-00A0C91BC942}") = "Jimmy_Core", "Jimmy_Core\Jimmy_Core.vcxproj", "{D8B52860-817B-4B18-B2AE-5A5DB5063296}"
EndProject
Project("{FAE04EC0-301F-11D3-BF4B-00C04F79EFBC}") = "Jimmy_GUI", "Jimmy_GUI\Jimmy_GUI.csproj", "{21D6E5EF-2C85-47DA-83E8-AFE38F58B62F}"
EndProject
Global
	GlobalSection(SolutionConfigurationPlatforms) = preSolution
		Debug|Any CPU = Debug|Any CPU
		Debug|x64 = Debug|x64
		Debug|x86 = Debug|x86
		Release|Any CPU = Release|Any CPU
		Release|x64 = Release|x64
		Release|x86 = Release|x86
	EndGlobalSection
	GlobalSection(ProjectConfigurationPlatforms) = postSolution
		{D8B52860-817B-4B18-B2AE-5A5DB5063296}.Debug|Any CPU.ActiveCfg = Debug|Win32
		{D8B52860-817B-4B18-B2AE-5A5DB5063296}.Debug|x64.ActiveCfg = Debug|x64
		{D8B52860-817B-4B18-B2AE-5A5DB5063296}.Debug|x64.Build.0 = Debug|x64
		{D8B52860-817B-4B18-B2AE-5A5DB5063296}.Debug|x86.ActiveCfg = Debug|Win32
		{D8B52860-817B-4B18-B2AE-5A5DB5063296}.Debug|x86.Build.0 = Debug|Win32
		{D8B52860-817B-4B18-B2AE-5A5DB5063296}.Release|Any CPU.ActiveCfg = Release|Win32
		{D8B52860-817B-4B18-B2AE-5A5DB5063296}.Release|x64.ActiveCfg = Release|x64
		{D8B52860-817B-4B18-B2AE-5A5DB5063296}.Release|x64.Build.0 = Release|x64
		{D8B52860-817B-4B18-B2AE-5A5DB5063296}.Release|x86.ActiveCfg = Release|Win32
		{D8B52860-817B-4B18-B2AE-5A5DB5063296}.Release|x86.Build.0 = Release|Win32
		{21D6E5EF-2C85-47DA-83E8-AFE38F58B62F}.Debug|Any CPU.ActiveCfg = Debug|Any CPU
		{21D6E5EF-2C85-47DA-83E8-AFE38F58B62F}.Debug|Any CPU.Build.0 = Debug|Any CPU
		{21D6E5EF-2C85-47DA-83E8-AFE38F58B62F}.Debug|x64.ActiveCfg = Debug|Any CPU
		{21D6E5EF-2C85-47DA-83E8-AFE38F58B62F}.Debug|x64.Build.0 = Debug|Any CPU
		{21D6E5EF-2C85-47DA-83E8-AFE38F58B62F}.Debug|x86.ActiveCfg = Debug|Any CPU
		{21D6E5EF-2C85-47DA-83E8-AFE38F58B62F}.Debug|x86.Build.0 = Debug|Any CPU
		{21D6E5EF-2C85-47DA-83E8-AFE38F58B62F}.Release|Any CPU.ActiveCfg = Release|Any CPU
		{21D6E5EF-2C85-47DA-83E8-AFE38F58B62F}.Release|Any CPU.Build.0 = Release|Any CPU
		{21D6E5EF-2C85-47DA-83E8-AFE38F58B62F}.Release|x64.ActiveCfg = Release|Any CPU
		{21D6E5EF-2C85-47DA-83E8-AFE38F58B62F}.Release|x64.Build.0 = Release|Any CPU
		{21D6E5EF-2C85-47DA-83E8-AFE38F58B62F}.Release|x86.ActiveCfg = Release|Any CPU
		{21D6E5EF-2C85-47DA-83E8-AFE38F58B62F}.Release|x86.Build.0 = Release|Any CPU
	EndGlobalSection
	GlobalSection(SolutionProperties) = preSolution
		HideSolutionNode = FALSE
	EndGlobalSection
	GlobalSection(ExtensibilityGlobals) = postSolution
		SolutionGuid = {DB5CFB8B-C83B-41EB-A56A-2BB5A75F3CC0}
	EndGlobalSection
EndGlobal
