
Microsoft Visual Studio Solution File, Format Version 12.00
# Visual Studio Version 16
VisualStudioVersion = 16.0.30907.101
MinimumVisualStudioVersion = 10.0.40219.1
Project("{8BC9CEB8-8B4A-11D0-8D11-00A0C91BC942}") = "Jimmy_Core", "Jimmy_Core\Jimmy_Core.vcxproj", "{D8B52860-817B-4B18-B2AE-5A5DB5063296}"
EndProject
Project("{8BC9CEB8-8B4A-11D0-8D11-00A0C91BC942}") = "HotKeyPP", "Jimmy_Core\external\HotkeyPP\IDE\vs2019\HotKeyPP.vcxproj", "{67D683CB-DB5E-49EC-B16E-014145F498C5}"
EndProject
Global
	GlobalSection(SolutionConfigurationPlatforms) = preSolution
		Debug|x64 = Debug|x64
		Debug|x86 = Debug|x86
		Release|x64 = Release|x64
		Release|x86 = Release|x86
	EndGlobalSection
	GlobalSection(ProjectConfigurationPlatforms) = postSolution
		{D8B52860-817B-4B18-B2AE-5A5DB5063296}.Debug|x64.ActiveCfg = Debug|x64
		{D8B52860-817B-4B18-B2AE-5A5DB5063296}.Debug|x64.Build.0 = Debug|x64
		{D8B52860-817B-4B18-B2AE-5A5DB5063296}.Debug|x86.ActiveCfg = Debug|Win32
		{D8B52860-817B-4B18-B2AE-5A5DB5063296}.Debug|x86.Build.0 = Debug|Win32
		{D8B52860-817B-4B18-B2AE-5A5DB5063296}.Release|x64.ActiveCfg = Release|x64
		{D8B52860-817B-4B18-B2AE-5A5DB5063296}.Release|x64.Build.0 = Release|x64
		{D8B52860-817B-4B18-B2AE-5A5DB5063296}.Release|x86.ActiveCfg = Release|Win32
		{D8B52860-817B-4B18-B2AE-5A5DB5063296}.Release|x86.Build.0 = Release|Win32
		{67D683CB-DB5E-49EC-B16E-014145F498C5}.Debug|x64.ActiveCfg = Debug|x64
		{67D683CB-DB5E-49EC-B16E-014145F498C5}.Debug|x64.Build.0 = Debug|x64
		{67D683CB-DB5E-49EC-B16E-014145F498C5}.Debug|x86.ActiveCfg = Debug|Win32
		{67D683CB-DB5E-49EC-B16E-014145F498C5}.Debug|x86.Build.0 = Debug|Win32
		{67D683CB-DB5E-49EC-B16E-014145F498C5}.Release|x64.ActiveCfg = Release|x64
		{67D683CB-DB5E-49EC-B16E-014145F498C5}.Release|x64.Build.0 = Release|x64
		{67D683CB-DB5E-49EC-B16E-014145F498C5}.Release|x86.ActiveCfg = Release|Win32
		{67D683CB-DB5E-49EC-B16E-014145F498C5}.Release|x86.Build.0 = Release|Win32
	EndGlobalSection
	GlobalSection(SolutionProperties) = preSolution
		HideSolutionNode = FALSE
	EndGlobalSection
	GlobalSection(ExtensibilityGlobals) = postSolution
		SolutionGuid = {DB5CFB8B-C83B-41EB-A56A-2BB5A75F3CC0}
	EndGlobalSection
EndGlobal
